
Microsoft Visual Studio Solution File, Format Version 12.00
# Visual Studio Version 16
VisualStudioVersion = 16.0.29215.179
MinimumVisualStudioVersion = 10.0.40219.1
Project("{FAE04EC0-301F-11D3-BF4B-00C04F79EFBC}") = "UserSystemWb", "UserSystemWb\UserSystemWb.csproj", "{8BC7401E-9E0D-40AE-AF87-2E4568D58A2B}"
EndProject
Global
	GlobalSection(SolutionConfigurationPlatforms) = preSolution
		Debug|Any CPU = Debug|Any CPU
		Release|Any CPU = Release|Any CPU
	EndGlobalSection
	GlobalSection(ProjectConfigurationPlatforms) = postSolution
		{8BC7401E-9E0D-40AE-AF87-2E4568D58A2B}.Debug|Any CPU.ActiveCfg = Debug|Any CPU
		{8BC7401E-9E0D-40AE-AF87-2E4568D58A2B}.Debug|Any CPU.Build.0 = Debug|Any CPU
		{8BC7401E-9E0D-40AE-AF87-2E4568D58A2B}.Release|Any CPU.ActiveCfg = Release|Any CPU
		{8BC7401E-9E0D-40AE-AF87-2E4568D58A2B}.Release|Any CPU.Build.0 = Release|Any CPU
	EndGlobalSection
	GlobalSection(SolutionProperties) = preSolution
		HideSolutionNode = FALSE
	EndGlobalSection
	GlobalSection(ExtensibilityGlobals) = postSolution
		SolutionGuid = {2777FE77-A032-47A0-8E25-7DC47F71C924}
	EndGlobalSection
EndGlobal
